
Microsoft Visual Studio Solution File, Format Version 12.00
# Visual Studio 15
VisualStudioVersion = 15.0.27130.2010
MinimumVisualStudioVersion = 10.0.40219.1
Project("{FAE04EC0-301F-11D3-BF4B-00C04F79EFBC}") = "HelloWorld.Android", "HelloWorld\HelloWorld.Android\HelloWorld.Android.csproj", "{F11DBEC1-D760-45CE-BAC5-AC7FE3CDBF90}"
EndProject
Project("{FAE04EC0-301F-11D3-BF4B-00C04F79EFBC}") = "HelloWorld.iOS", "HelloWorld\HelloWorld.iOS\HelloWorld.iOS.csproj", "{D4085A4D-A937-4F98-AAE7-0F892C425B98}"
EndProject
Project("{FAE04EC0-301F-11D3-BF4B-00C04F79EFBC}") = "HelloWorld", "HelloWorld\HelloWorld\HelloWorld.csproj", "{E75505CC-C706-4699-91B9-8B3374C420A0}"
EndProject
Global
	GlobalSection(SolutionConfigurationPlatforms) = preSolution
		Ad-Hoc|Any CPU = Ad-Hoc|Any CPU
		Ad-Hoc|iPhone = Ad-Hoc|iPhone
		Ad-Hoc|iPhoneSimulator = Ad-Hoc|iPhoneSimulator
		AppStore|Any CPU = AppStore|Any CPU
		AppStore|iPhone = AppStore|iPhone
		AppStore|iPhoneSimulator = AppStore|iPhoneSimulator
		Debug|Any CPU = Debug|Any CPU
		Debug|iPhone = Debug|iPhone
		Debug|iPhoneSimulator = Debug|iPhoneSimulator
		Release|Any CPU = Release|Any CPU
		Release|iPhone = Release|iPhone
		Release|iPhoneSimulator = Release|iPhoneSimulator
	EndGlobalSection
	GlobalSection(ProjectConfigurationPlatforms) = postSolution
		{F11DBEC1-D760-45CE-BAC5-AC7FE3CDBF90}.Ad-Hoc|Any CPU.ActiveCfg = Release|Any CPU
		{F11DBEC1-D760-45CE-BAC5-AC7FE3CDBF90}.Ad-Hoc|Any CPU.Build.0 = Release|Any CPU
		{F11DBEC1-D760-45CE-BAC5-AC7FE3CDBF90}.Ad-Hoc|Any CPU.Deploy.0 = Release|Any CPU
		{F11DBEC1-D760-45CE-BAC5-AC7FE3CDBF90}.Ad-Hoc|iPhone.ActiveCfg = Release|Any CPU
		{F11DBEC1-D760-45CE-BAC5-AC7FE3CDBF90}.Ad-Hoc|iPhone.Build.0 = Release|Any CPU
		{F11DBEC1-D760-45CE-BAC5-AC7FE3CDBF90}.Ad-Hoc|iPhone.Deploy.0 = Release|Any CPU
		{F11DBEC1-D760-45CE-BAC5-AC7FE3CDBF90}.Ad-Hoc|iPhoneSimulator.ActiveCfg = Release|Any CPU
		{F11DBEC1-D760-45CE-BAC5-AC7FE3CDBF90}.Ad-Hoc|iPhoneSimulator.Build.0 = Release|Any CPU
		{F11DBEC1-D760-45CE-BAC5-AC7FE3CDBF90}.Ad-Hoc|iPhoneSimulator.Deploy.0 = Release|Any CPU
		{F11DBEC1-D760-45CE-BAC5-AC7FE3CDBF90}.AppStore|Any CPU.ActiveCfg = Release|Any CPU
		{F11DBEC1-D760-45CE-BAC5-AC7FE3CDBF90}.AppStore|Any CPU.Build.0 = Release|Any CPU
		{F11DBEC1-D760-45CE-BAC5-AC7FE3CDBF90}.AppStore|Any CPU.Deploy.0 = Release|Any CPU
		{F11DBEC1-D760-45CE-BAC5-AC7FE3CDBF90}.AppStore|iPhone.ActiveCfg = Release|Any CPU
		{F11DBEC1-D760-45CE-BAC5-AC7FE3CDBF90}.AppStore|iPhone.Build.0 = Release|Any CPU
		{F11DBEC1-D760-45CE-BAC5-AC7FE3CDBF90}.AppStore|iPhone.Deploy.0 = Release|Any CPU
		{F11DBEC1-D760-45CE-BAC5-AC7FE3CDBF90}.AppStore|iPhoneSimulator.ActiveCfg = Release|Any CPU
		{F11DBEC1-D760-45CE-BAC5-AC7FE3CDBF90}.AppStore|iPhoneSimulator.Build.0 = Release|Any CPU
		{F11DBEC1-D760-45CE-BAC5-AC7FE3CDBF90}.AppStore|iPhoneSimulator.Deploy.0 = Release|Any CPU
		{F11DBEC1-D760-45CE-BAC5-AC7FE3CDBF90}.Debug|Any CPU.ActiveCfg = Debug|Any CPU
		{F11DBEC1-D760-45CE-BAC5-AC7FE3CDBF90}.Debug|Any CPU.Build.0 = Debug|Any CPU
		{F11DBEC1-D760-45CE-BAC5-AC7FE3CDBF90}.Debug|Any CPU.Deploy.0 = Debug|Any CPU
		{F11DBEC1-D760-45CE-BAC5-AC7FE3CDBF90}.Debug|iPhone.ActiveCfg = Debug|Any CPU
		{F11DBEC1-D760-45CE-BAC5-AC7FE3CDBF90}.Debug|iPhone.Build.0 = Debug|Any CPU
		{F11DBEC1-D760-45CE-BAC5-AC7FE3CDBF90}.Debug|iPhone.Deploy.0 = Debug|Any CPU
		{F11DBEC1-D760-45CE-BAC5-AC7FE3CDBF90}.Debug|iPhoneSimulator.ActiveCfg = Debug|Any CPU
		{F11DBEC1-D760-45CE-BAC5-AC7FE3CDBF90}.Debug|iPhoneSimulator.Build.0 = Debug|Any CPU
		{F11DBEC1-D760-45CE-BAC5-AC7FE3CDBF90}.Debug|iPhoneSimulator.Deploy.0 = Debug|Any CPU
		{F11DBEC1-D760-45CE-BAC5-AC7FE3CDBF90}.Release|Any CPU.ActiveCfg = Release|Any CPU
		{F11DBEC1-D760-45CE-BAC5-AC7FE3CDBF90}.Release|Any CPU.Build.0 = Release|Any CPU
		{F11DBEC1-D760-45CE-BAC5-AC7FE3CDBF90}.Release|Any CPU.Deploy.0 = Release|Any CPU
		{F11DBEC1-D760-45CE-BAC5-AC7FE3CDBF90}.Release|iPhone.ActiveCfg = Release|Any CPU
		{F11DBEC1-D760-45CE-BAC5-AC7FE3CDBF90}.Release|iPhone.Build.0 = Release|Any CPU
		{F11DBEC1-D760-45CE-BAC5-AC7FE3CDBF90}.Release|iPhone.Deploy.0 = Release|Any CPU
		{F11DBEC1-D760-45CE-BAC5-AC7FE3CDBF90}.Release|iPhoneSimulator.ActiveCfg = Release|Any CPU
		{F11DBEC1-D760-45CE-BAC5-AC7FE3CDBF90}.Release|iPhoneSimulator.Build.0 = Release|Any CPU
		{F11DBEC1-D760-45CE-BAC5-AC7FE3CDBF90}.Release|iPhoneSimulator.Deploy.0 = Release|Any CPU
		{D4085A4D-A937-4F98-AAE7-0F892C425B98}.Ad-Hoc|Any CPU.ActiveCfg = Ad-Hoc|iPhone
		{D4085A4D-A937-4F98-AAE7-0F892C425B98}.Ad-Hoc|iPhone.ActiveCfg = Ad-Hoc|iPhone
		{D4085A4D-A937-4F98-AAE7-0F892C425B98}.Ad-Hoc|iPhone.Build.0 = Ad-Hoc|iPhone
		{D4085A4D-A937-4F98-AAE7-0F892C425B98}.Ad-Hoc|iPhoneSimulator.ActiveCfg = Ad-Hoc|iPhoneSimulator
		{D4085A4D-A937-4F98-AAE7-0F892C425B98}.Ad-Hoc|iPhoneSimulator.Build.0 = Ad-Hoc|iPhoneSimulator
		{D4085A4D-A937-4F98-AAE7-0F892C425B98}.AppStore|Any CPU.ActiveCfg = AppStore|iPhone
		{D4085A4D-A937-4F98-AAE7-0F892C425B98}.AppStore|iPhone.ActiveCfg = AppStore|iPhone
		{D4085A4D-A937-4F98-AAE7-0F892C425B98}.AppStore|iPhone.Build.0 = AppStore|iPhone
		{D4085A4D-A937-4F98-AAE7-0F892C425B98}.AppStore|iPhoneSimulator.ActiveCfg = AppStore|iPhoneSimulator
		{D4085A4D-A937-4F98-AAE7-0F892C425B98}.AppStore|iPhoneSimulator.Build.0 = AppStore|iPhoneSimulator
		{D4085A4D-A937-4F98-AAE7-0F892C425B98}.Debug|Any CPU.ActiveCfg = Debug|iPhone
		{D4085A4D-A937-4F98-AAE7-0F892C425B98}.Debug|iPhone.ActiveCfg = Debug|iPhone
		{D4085A4D-A937-4F98-AAE7-0F892C425B98}.Debug|iPhone.Build.0 = Debug|iPhone
		{D4085A4D-A937-4F98-AAE7-0F892C425B98}.Debug|iPhoneSimulator.ActiveCfg = Debug|iPhoneSimulator
		{D4085A4D-A937-4F98-AAE7-0F892C425B98}.Debug|iPhoneSimulator.Build.0 = Debug|iPhoneSimulator
		{D4085A4D-A937-4F98-AAE7-0F892C425B98}.Release|Any CPU.ActiveCfg = Release|iPhone
		{D4085A4D-A937-4F98-AAE7-0F892C425B98}.Release|iPhone.ActiveCfg = Release|iPhone
		{D4085A4D-A937-4F98-AAE7-0F892C425B98}.Release|iPhone.Build.0 = Release|iPhone
		{D4085A4D-A937-4F98-AAE7-0F892C425B98}.Release|iPhoneSimulator.ActiveCfg = Release|iPhoneSimulator
		{D4085A4D-A937-4F98-AAE7-0F892C425B98}.Release|iPhoneSimulator.Build.0 = Release|iPhoneSimulator
		{E75505CC-C706-4699-91B9-8B3374C420A0}.Ad-Hoc|Any CPU.ActiveCfg = Debug|Any CPU
		{E75505CC-C706-4699-91B9-8B3374C420A0}.Ad-Hoc|Any CPU.Build.0 = Debug|Any CPU
		{E75505CC-C706-4699-91B9-8B3374C420A0}.Ad-Hoc|iPhone.ActiveCfg = Debug|Any CPU
		{E75505CC-C706-4699-91B9-8B3374C420A0}.Ad-Hoc|iPhone.Build.0 = Debug|Any CPU
		{E75505CC-C706-4699-91B9-8B3374C420A0}.Ad-Hoc|iPhoneSimulator.ActiveCfg = Debug|Any CPU
		{E75505CC-C706-4699-91B9-8B3374C420A0}.Ad-Hoc|iPhoneSimulator.Build.0 = Debug|Any CPU
		{E75505CC-C706-4699-91B9-8B3374C420A0}.AppStore|Any CPU.ActiveCfg = Debug|Any CPU
		{E75505CC-C706-4699-91B9-8B3374C420A0}.AppStore|Any CPU.Build.0 = Debug|Any CPU
		{E75505CC-C706-4699-91B9-8B3374C420A0}.AppStore|iPhone.ActiveCfg = Debug|Any CPU
		{E75505CC-C706-4699-91B9-8B3374C420A0}.AppStore|iPhone.Build.0 = Debug|Any CPU
		{E75505CC-C706-4699-91B9-8B3374C420A0}.AppStore|iPhoneSimulator.ActiveCfg = Debug|Any CPU
		{E75505CC-C706-4699-91B9-8B3374C420A0}.AppStore|iPhoneSimulator.Build.0 = Debug|Any CPU
		{E75505CC-C706-4699-91B9-8B3374C420A0}.Debug|Any CPU.ActiveCfg = Debug|Any CPU
		{E75505CC-C706-4699-91B9-8B3374C420A0}.Debug|Any CPU.Build.0 = Debug|Any CPU
		{E75505CC-C706-4699-91B9-8B3374C420A0}.Debug|iPhone.ActiveCfg = Debug|Any CPU
		{E75505CC-C706-4699-91B9-8B3374C420A0}.Debug|iPhone.Build.0 = Debug|Any CPU
		{E75505CC-C706-4699-91B9-8B3374C420A0}.Debug|iPhoneSimulator.ActiveCfg = Debug|Any CPU
		{E75505CC-C706-4699-91B9-8B3374C420A0}.Debug|iPhoneSimulator.Build.0 = Debug|Any CPU
		{E75505CC-C706-4699-91B9-8B3374C420A0}.Release|Any CPU.ActiveCfg = Release|Any CPU
		{E75505CC-C706-4699-91B9-8B3374C420A0}.Release|Any CPU.Build.0 = Release|Any CPU
		{E75505CC-C706-4699-91B9-8B3374C420A0}.Release|iPhone.ActiveCfg = Release|Any CPU
		{E75505CC-C706-4699-91B9-8B3374C420A0}.Release|iPhone.Build.0 = Release|Any CPU
		{E75505CC-C706-4699-91B9-8B3374C420A0}.Release|iPhoneSimulator.ActiveCfg = Release|Any CPU
		{E75505CC-C706-4699-91B9-8B3374C420A0}.Release|iPhoneSimulator.Build.0 = Release|Any CPU
	EndGlobalSection
	GlobalSection(SolutionProperties) = preSolution
		HideSolutionNode = FALSE
	EndGlobalSection
	GlobalSection(ExtensibilityGlobals) = postSolution
		SolutionGuid = {EF6C2860-6E0D-4629-A242-0B0C829DE004}
	EndGlobalSection
EndGlobal
