
Microsoft Visual Studio Solution File, Format Version 12.00
# Visual Studio 15
VisualStudioVersion = 15.0.27130.2010
MinimumVisualStudioVersion = 10.0.40219.1
Project("{FAE04EC0-301F-11D3-BF4B-00C04F79EFBC}") = "Slider.Android", "Slider\Slider.Android\Slider.Android.csproj", "{2DA5BC66-7A5E-4DEF-B2D9-575B7C108312}"
EndProject
Project("{FAE04EC0-301F-11D3-BF4B-00C04F79EFBC}") = "Slider.iOS", "Slider\Slider.iOS\Slider.iOS.csproj", "{2904754A-CE79-405E-AEF0-EE58E8AED928}"
EndProject
Project("{FAE04EC0-301F-11D3-BF4B-00C04F79EFBC}") = "Slider", "Slider\Slider\Slider.csproj", "{84D82CC4-2CFE-44CC-A612-E3CBB82ADCC7}"
EndProject
Global
	GlobalSection(SolutionConfigurationPlatforms) = preSolution
		Ad-Hoc|Any CPU = Ad-Hoc|Any CPU
		Ad-Hoc|iPhone = Ad-Hoc|iPhone
		Ad-Hoc|iPhoneSimulator = Ad-Hoc|iPhoneSimulator
		AppStore|Any CPU = AppStore|Any CPU
		AppStore|iPhone = AppStore|iPhone
		AppStore|iPhoneSimulator = AppStore|iPhoneSimulator
		Debug|Any CPU = Debug|Any CPU
		Debug|iPhone = Debug|iPhone
		Debug|iPhoneSimulator = Debug|iPhoneSimulator
		Release|Any CPU = Release|Any CPU
		Release|iPhone = Release|iPhone
		Release|iPhoneSimulator = Release|iPhoneSimulator
	EndGlobalSection
	GlobalSection(ProjectConfigurationPlatforms) = postSolution
		{2DA5BC66-7A5E-4DEF-B2D9-575B7C108312}.Ad-Hoc|Any CPU.ActiveCfg = Release|Any CPU
		{2DA5BC66-7A5E-4DEF-B2D9-575B7C108312}.Ad-Hoc|Any CPU.Build.0 = Release|Any CPU
		{2DA5BC66-7A5E-4DEF-B2D9-575B7C108312}.Ad-Hoc|Any CPU.Deploy.0 = Release|Any CPU
		{2DA5BC66-7A5E-4DEF-B2D9-575B7C108312}.Ad-Hoc|iPhone.ActiveCfg = Release|Any CPU
		{2DA5BC66-7A5E-4DEF-B2D9-575B7C108312}.Ad-Hoc|iPhone.Build.0 = Release|Any CPU
		{2DA5BC66-7A5E-4DEF-B2D9-575B7C108312}.Ad-Hoc|iPhone.Deploy.0 = Release|Any CPU
		{2DA5BC66-7A5E-4DEF-B2D9-575B7C108312}.Ad-Hoc|iPhoneSimulator.ActiveCfg = Release|Any CPU
		{2DA5BC66-7A5E-4DEF-B2D9-575B7C108312}.Ad-Hoc|iPhoneSimulator.Build.0 = Release|Any CPU
		{2DA5BC66-7A5E-4DEF-B2D9-575B7C108312}.Ad-Hoc|iPhoneSimulator.Deploy.0 = Release|Any CPU
		{2DA5BC66-7A5E-4DEF-B2D9-575B7C108312}.AppStore|Any CPU.ActiveCfg = Release|Any CPU
		{2DA5BC66-7A5E-4DEF-B2D9-575B7C108312}.AppStore|Any CPU.Build.0 = Release|Any CPU
		{2DA5BC66-7A5E-4DEF-B2D9-575B7C108312}.AppStore|Any CPU.Deploy.0 = Release|Any CPU
		{2DA5BC66-7A5E-4DEF-B2D9-575B7C108312}.AppStore|iPhone.ActiveCfg = Release|Any CPU
		{2DA5BC66-7A5E-4DEF-B2D9-575B7C108312}.AppStore|iPhone.Build.0 = Release|Any CPU
		{2DA5BC66-7A5E-4DEF-B2D9-575B7C108312}.AppStore|iPhone.Deploy.0 = Release|Any CPU
		{2DA5BC66-7A5E-4DEF-B2D9-575B7C108312}.AppStore|iPhoneSimulator.ActiveCfg = Release|Any CPU
		{2DA5BC66-7A5E-4DEF-B2D9-575B7C108312}.AppStore|iPhoneSimulator.Build.0 = Release|Any CPU
		{2DA5BC66-7A5E-4DEF-B2D9-575B7C108312}.AppStore|iPhoneSimulator.Deploy.0 = Release|Any CPU
		{2DA5BC66-7A5E-4DEF-B2D9-575B7C108312}.Debug|Any CPU.ActiveCfg = Debug|Any CPU
		{2DA5BC66-7A5E-4DEF-B2D9-575B7C108312}.Debug|Any CPU.Build.0 = Debug|Any CPU
		{2DA5BC66-7A5E-4DEF-B2D9-575B7C108312}.Debug|Any CPU.Deploy.0 = Debug|Any CPU
		{2DA5BC66-7A5E-4DEF-B2D9-575B7C108312}.Debug|iPhone.ActiveCfg = Debug|Any CPU
		{2DA5BC66-7A5E-4DEF-B2D9-575B7C108312}.Debug|iPhone.Build.0 = Debug|Any CPU
		{2DA5BC66-7A5E-4DEF-B2D9-575B7C108312}.Debug|iPhone.Deploy.0 = Debug|Any CPU
		{2DA5BC66-7A5E-4DEF-B2D9-575B7C108312}.Debug|iPhoneSimulator.ActiveCfg = Debug|Any CPU
		{2DA5BC66-7A5E-4DEF-B2D9-575B7C108312}.Debug|iPhoneSimulator.Build.0 = Debug|Any CPU
		{2DA5BC66-7A5E-4DEF-B2D9-575B7C108312}.Debug|iPhoneSimulator.Deploy.0 = Debug|Any CPU
		{2DA5BC66-7A5E-4DEF-B2D9-575B7C108312}.Release|Any CPU.ActiveCfg = Release|Any CPU
		{2DA5BC66-7A5E-4DEF-B2D9-575B7C108312}.Release|Any CPU.Build.0 = Release|Any CPU
		{2DA5BC66-7A5E-4DEF-B2D9-575B7C108312}.Release|Any CPU.Deploy.0 = Release|Any CPU
		{2DA5BC66-7A5E-4DEF-B2D9-575B7C108312}.Release|iPhone.ActiveCfg = Release|Any CPU
		{2DA5BC66-7A5E-4DEF-B2D9-575B7C108312}.Release|iPhone.Build.0 = Release|Any CPU
		{2DA5BC66-7A5E-4DEF-B2D9-575B7C108312}.Release|iPhone.Deploy.0 = Release|Any CPU
		{2DA5BC66-7A5E-4DEF-B2D9-575B7C108312}.Release|iPhoneSimulator.ActiveCfg = Release|Any CPU
		{2DA5BC66-7A5E-4DEF-B2D9-575B7C108312}.Release|iPhoneSimulator.Build.0 = Release|Any CPU
		{2DA5BC66-7A5E-4DEF-B2D9-575B7C108312}.Release|iPhoneSimulator.Deploy.0 = Release|Any CPU
		{2904754A-CE79-405E-AEF0-EE58E8AED928}.Ad-Hoc|Any CPU.ActiveCfg = Ad-Hoc|iPhone
		{2904754A-CE79-405E-AEF0-EE58E8AED928}.Ad-Hoc|iPhone.ActiveCfg = Ad-Hoc|iPhone
		{2904754A-CE79-405E-AEF0-EE58E8AED928}.Ad-Hoc|iPhone.Build.0 = Ad-Hoc|iPhone
		{2904754A-CE79-405E-AEF0-EE58E8AED928}.Ad-Hoc|iPhoneSimulator.ActiveCfg = Ad-Hoc|iPhoneSimulator
		{2904754A-CE79-405E-AEF0-EE58E8AED928}.Ad-Hoc|iPhoneSimulator.Build.0 = Ad-Hoc|iPhoneSimulator
		{2904754A-CE79-405E-AEF0-EE58E8AED928}.AppStore|Any CPU.ActiveCfg = AppStore|iPhone
		{2904754A-CE79-405E-AEF0-EE58E8AED928}.AppStore|iPhone.ActiveCfg = AppStore|iPhone
		{2904754A-CE79-405E-AEF0-EE58E8AED928}.AppStore|iPhone.Build.0 = AppStore|iPhone
		{2904754A-CE79-405E-AEF0-EE58E8AED928}.AppStore|iPhoneSimulator.ActiveCfg = AppStore|iPhoneSimulator
		{2904754A-CE79-405E-AEF0-EE58E8AED928}.AppStore|iPhoneSimulator.Build.0 = AppStore|iPhoneSimulator
		{2904754A-CE79-405E-AEF0-EE58E8AED928}.Debug|Any CPU.ActiveCfg = Debug|iPhone
		{2904754A-CE79-405E-AEF0-EE58E8AED928}.Debug|iPhone.ActiveCfg = Debug|iPhone
		{2904754A-CE79-405E-AEF0-EE58E8AED928}.Debug|iPhone.Build.0 = Debug|iPhone
		{2904754A-CE79-405E-AEF0-EE58E8AED928}.Debug|iPhoneSimulator.ActiveCfg = Debug|iPhoneSimulator
		{2904754A-CE79-405E-AEF0-EE58E8AED928}.Debug|iPhoneSimulator.Build.0 = Debug|iPhoneSimulator
		{2904754A-CE79-405E-AEF0-EE58E8AED928}.Release|Any CPU.ActiveCfg = Release|iPhone
		{2904754A-CE79-405E-AEF0-EE58E8AED928}.Release|iPhone.ActiveCfg = Release|iPhone
		{2904754A-CE79-405E-AEF0-EE58E8AED928}.Release|iPhone.Build.0 = Release|iPhone
		{2904754A-CE79-405E-AEF0-EE58E8AED928}.Release|iPhoneSimulator.ActiveCfg = Release|iPhoneSimulator
		{2904754A-CE79-405E-AEF0-EE58E8AED928}.Release|iPhoneSimulator.Build.0 = Release|iPhoneSimulator
		{84D82CC4-2CFE-44CC-A612-E3CBB82ADCC7}.Ad-Hoc|Any CPU.ActiveCfg = Debug|Any CPU
		{84D82CC4-2CFE-44CC-A612-E3CBB82ADCC7}.Ad-Hoc|Any CPU.Build.0 = Debug|Any CPU
		{84D82CC4-2CFE-44CC-A612-E3CBB82ADCC7}.Ad-Hoc|iPhone.ActiveCfg = Debug|Any CPU
		{84D82CC4-2CFE-44CC-A612-E3CBB82ADCC7}.Ad-Hoc|iPhone.Build.0 = Debug|Any CPU
		{84D82CC4-2CFE-44CC-A612-E3CBB82ADCC7}.Ad-Hoc|iPhoneSimulator.ActiveCfg = Debug|Any CPU
		{84D82CC4-2CFE-44CC-A612-E3CBB82ADCC7}.Ad-Hoc|iPhoneSimulator.Build.0 = Debug|Any CPU
		{84D82CC4-2CFE-44CC-A612-E3CBB82ADCC7}.AppStore|Any CPU.ActiveCfg = Debug|Any CPU
		{84D82CC4-2CFE-44CC-A612-E3CBB82ADCC7}.AppStore|Any CPU.Build.0 = Debug|Any CPU
		{84D82CC4-2CFE-44CC-A612-E3CBB82ADCC7}.AppStore|iPhone.ActiveCfg = Debug|Any CPU
		{84D82CC4-2CFE-44CC-A612-E3CBB82ADCC7}.AppStore|iPhone.Build.0 = Debug|Any CPU
		{84D82CC4-2CFE-44CC-A612-E3CBB82ADCC7}.AppStore|iPhoneSimulator.ActiveCfg = Debug|Any CPU
		{84D82CC4-2CFE-44CC-A612-E3CBB82ADCC7}.AppStore|iPhoneSimulator.Build.0 = Debug|Any CPU
		{84D82CC4-2CFE-44CC-A612-E3CBB82ADCC7}.Debug|Any CPU.ActiveCfg = Debug|Any CPU
		{84D82CC4-2CFE-44CC-A612-E3CBB82ADCC7}.Debug|Any CPU.Build.0 = Debug|Any CPU
		{84D82CC4-2CFE-44CC-A612-E3CBB82ADCC7}.Debug|iPhone.ActiveCfg = Debug|Any CPU
		{84D82CC4-2CFE-44CC-A612-E3CBB82ADCC7}.Debug|iPhone.Build.0 = Debug|Any CPU
		{84D82CC4-2CFE-44CC-A612-E3CBB82ADCC7}.Debug|iPhoneSimulator.ActiveCfg = Debug|Any CPU
		{84D82CC4-2CFE-44CC-A612-E3CBB82ADCC7}.Debug|iPhoneSimulator.Build.0 = Debug|Any CPU
		{84D82CC4-2CFE-44CC-A612-E3CBB82ADCC7}.Release|Any CPU.ActiveCfg = Release|Any CPU
		{84D82CC4-2CFE-44CC-A612-E3CBB82ADCC7}.Release|Any CPU.Build.0 = Release|Any CPU
		{84D82CC4-2CFE-44CC-A612-E3CBB82ADCC7}.Release|iPhone.ActiveCfg = Release|Any CPU
		{84D82CC4-2CFE-44CC-A612-E3CBB82ADCC7}.Release|iPhone.Build.0 = Release|Any CPU
		{84D82CC4-2CFE-44CC-A612-E3CBB82ADCC7}.Release|iPhoneSimulator.ActiveCfg = Release|Any CPU
		{84D82CC4-2CFE-44CC-A612-E3CBB82ADCC7}.Release|iPhoneSimulator.Build.0 = Release|Any CPU
	EndGlobalSection
	GlobalSection(SolutionProperties) = preSolution
		HideSolutionNode = FALSE
	EndGlobalSection
	GlobalSection(ExtensibilityGlobals) = postSolution
		SolutionGuid = {BDD89491-76CA-411D-A3C2-822F952CB402}
	EndGlobalSection
EndGlobal
